
Microsoft Visual Studio Solution File, Format Version 12.00
# Visual Studio Version 16
VisualStudioVersion = 16.0.29926.136
MinimumVisualStudioVersion = 10.0.40219.1
Project("{FAE04EC0-301F-11D3-BF4B-00C04F79EFBC}") = "JuiceBox", "JuiceBox\JuiceBox.csproj", "{9B4734DC-AD98-4531-B19E-93FA473D315C}"
EndProject
Global
	GlobalSection(SolutionConfigurationPlatforms) = preSolution
		Debug|Any CPU = Debug|Any CPU
		Release|Any CPU = Release|Any CPU
	EndGlobalSection
	GlobalSection(ProjectConfigurationPlatforms) = postSolution
		{9B4734DC-AD98-4531-B19E-93FA473D315C}.Debug|Any CPU.ActiveCfg = Debug|Any CPU
		{9B4734DC-AD98-4531-B19E-93FA473D315C}.Debug|Any CPU.Build.0 = Debug|Any CPU
		{9B4734DC-AD98-4531-B19E-93FA473D315C}.Release|Any CPU.ActiveCfg = Release|Any CPU
		{9B4734DC-AD98-4531-B19E-93FA473D315C}.Release|Any CPU.Build.0 = Release|Any CPU
	EndGlobalSection
	GlobalSection(SolutionProperties) = preSolution
		HideSolutionNode = FALSE
	EndGlobalSection
	GlobalSection(ExtensibilityGlobals) = postSolution
		SolutionGuid = {7DB0B3F1-645D-4EAB-9850-673A3546F232}
	EndGlobalSection
EndGlobal
